
Microsoft Visual Studio Solution File, Format Version 12.00
# Visual Studio Version 17
VisualStudioVersion = 17.7.34024.191
MinimumVisualStudioVersion = 10.0.40219.1
Project("{FAE04EC0-301F-11D3-BF4B-00C04F79EFBC}") = "Amaliy topshiriq5", "Amaliy topshiriq5\Amaliy topshiriq5.csproj", "{5A0CB0BD-EB1D-4EA1-ABD9-E66AB928FDDA}"
EndProject
Global
	GlobalSection(SolutionConfigurationPlatforms) = preSolution
		Debug|Any CPU = Debug|Any CPU
		Release|Any CPU = Release|Any CPU
	EndGlobalSection
	GlobalSection(ProjectConfigurationPlatforms) = postSolution
		{5A0CB0BD-EB1D-4EA1-ABD9-E66AB928FDDA}.Debug|Any CPU.ActiveCfg = Debug|Any CPU
		{5A0CB0BD-EB1D-4EA1-ABD9-E66AB928FDDA}.Debug|Any CPU.Build.0 = Debug|Any CPU
		{5A0CB0BD-EB1D-4EA1-ABD9-E66AB928FDDA}.Release|Any CPU.ActiveCfg = Release|Any CPU
		{5A0CB0BD-EB1D-4EA1-ABD9-E66AB928FDDA}.Release|Any CPU.Build.0 = Release|Any CPU
	EndGlobalSection
	GlobalSection(SolutionProperties) = preSolution
		HideSolutionNode = FALSE
	EndGlobalSection
	GlobalSection(ExtensibilityGlobals) = postSolution
		SolutionGuid = {9BD46102-97F8-4F34-B2C5-46B9C4034F52}
	EndGlobalSection
EndGlobal
